
Microsoft Visual Studio Solution File, Format Version 12.00
# Visual Studio Version 16
VisualStudioVersion = 16.0.31515.178
MinimumVisualStudioVersion = 10.0.40219.1
Project("{FAE04EC0-301F-11D3-BF4B-00C04F79EFBC}") = "ApiCatalogoJogos", "ApiCatalogoJogos\ApiCatalogoJogos.csproj", "{8D4F0A2D-9F1C-4812-8C12-C5EAEC102A16}"
EndProject
Global
	GlobalSection(SolutionConfigurationPlatforms) = preSolution
		Debug|Any CPU = Debug|Any CPU
		Release|Any CPU = Release|Any CPU
	EndGlobalSection
	GlobalSection(ProjectConfigurationPlatforms) = postSolution
		{8D4F0A2D-9F1C-4812-8C12-C5EAEC102A16}.Debug|Any CPU.ActiveCfg = Debug|Any CPU
		{8D4F0A2D-9F1C-4812-8C12-C5EAEC102A16}.Debug|Any CPU.Build.0 = Debug|Any CPU
		{8D4F0A2D-9F1C-4812-8C12-C5EAEC102A16}.Release|Any CPU.ActiveCfg = Release|Any CPU
		{8D4F0A2D-9F1C-4812-8C12-C5EAEC102A16}.Release|Any CPU.Build.0 = Release|Any CPU
	EndGlobalSection
	GlobalSection(SolutionProperties) = preSolution
		HideSolutionNode = FALSE
	EndGlobalSection
	GlobalSection(ExtensibilityGlobals) = postSolution
		SolutionGuid = {05E9EEC4-8047-41B8-A4EF-45E22B2FD7A3}
	EndGlobalSection
EndGlobal
